Microsoft Visual Studio Solution File, Format Version 12.00
# Visual Studio Version 17
VisualStudioVersion = 17.5.2.0
MinimumVisualStudioVersion = 10.0.40219.1
Project("{FAE04EC0-301F-11D3-BF4B-00C04F79EFBC}") = "Fishodoro", "Fishodoro.csproj", "{501138A1-A02C-CD02-9BCC-CE19C3536E84}"
EndProject
Global
	GlobalSection(SolutionConfigurationPlatforms) = preSolution
		Debug|Any CPU = Debug|Any CPU
		Release|Any CPU = Release|Any CPU
	EndGlobalSection
	GlobalSection(ProjectConfigurationPlatforms) = postSolution
		{501138A1-A02C-CD02-9BCC-CE19C3536E84}.Debug|Any CPU.ActiveCfg = Debug|Any CPU
		{501138A1-A02C-CD02-9BCC-CE19C3536E84}.Debug|Any CPU.Build.0 = Debug|Any CPU
		{501138A1-A02C-CD02-9BCC-CE19C3536E84}.Release|Any CPU.ActiveCfg = Release|Any CPU
		{501138A1-A02C-CD02-9BCC-CE19C3536E84}.Release|Any CPU.Build.0 = Release|Any CPU
	EndGlobalSection
	GlobalSection(SolutionProperties) = preSolution
		HideSolutionNode = FALSE
	EndGlobalSection
	GlobalSection(ExtensibilityGlobals) = postSolution
		SolutionGuid = {83A1C782-ED93-4B82-AB59-24E783F6273A}
	EndGlobalSection
EndGlobal
